
Microsoft Visual Studio Solution File, Format Version 12.00
# Visual Studio Version 17
VisualStudioVersion = 17.11.35312.102
MinimumVisualStudioVersion = 10.0.40219.1
Project("{8BC9CEB8-8B4A-11D0-8D11-00A0C91BC942}") = "P06", "P06\P06.vcxproj", "{58E8C86A-AC32-4AA3-B785-8B49B858AED1}"
EndProject
Global
	GlobalSection(SolutionConfigurationPlatforms) = preSolution
		Debug|x64 = Debug|x64
		Debug|x86 = Debug|x86
		Release|x64 = Release|x64
		Release|x86 = Release|x86
	EndGlobalSection
	GlobalSection(ProjectConfigurationPlatforms) = postSolution
		{58E8C86A-AC32-4AA3-B785-8B49B858AED1}.Debug|x64.ActiveCfg = Debug|x64
		{58E8C86A-AC32-4AA3-B785-8B49B858AED1}.Debug|x64.Build.0 = Debug|x64
		{58E8C86A-AC32-4AA3-B785-8B49B858AED1}.Debug|x86.ActiveCfg = Debug|Win32
		{58E8C86A-AC32-4AA3-B785-8B49B858AED1}.Debug|x86.Build.0 = Debug|Win32
		{58E8C86A-AC32-4AA3-B785-8B49B858AED1}.Release|x64.ActiveCfg = Release|x64
		{58E8C86A-AC32-4AA3-B785-8B49B858AED1}.Release|x64.Build.0 = Release|x64
		{58E8C86A-AC32-4AA3-B785-8B49B858AED1}.Release|x86.ActiveCfg = Release|Win32
		{58E8C86A-AC32-4AA3-B785-8B49B858AED1}.Release|x86.Build.0 = Release|Win32
	EndGlobalSection
	GlobalSection(SolutionProperties) = preSolution
		HideSolutionNode = FALSE
	EndGlobalSection
	GlobalSection(ExtensibilityGlobals) = postSolution
		SolutionGuid = {169652D0-72C4-47A5-B467-6E1DDB7A263B}
	EndGlobalSection
EndGlobal
